
Microsoft Visual Studio Solution File, Format Version 12.00
# Visual Studio Version 17
VisualStudioVersion = 17.9.34622.214
MinimumVisualStudioVersion = 10.0.40219.1
Project("{FAE04EC0-301F-11D3-BF4B-00C04F79EFBC}") = "WindowsFormsApp9", "WindowsFormsApp9.csproj", "{9997213F-83B0-4E30-93B3-68B0BBD8EBAD}"
EndProject
Global
	GlobalSection(SolutionConfigurationPlatforms) = preSolution
		Debug|Any CPU = Debug|Any CPU
		Release|Any CPU = Release|Any CPU
	EndGlobalSection
	GlobalSection(ProjectConfigurationPlatforms) = postSolution
		{9997213F-83B0-4E30-93B3-68B0BBD8EBAD}.Debug|Any CPU.ActiveCfg = Debug|Any CPU
		{9997213F-83B0-4E30-93B3-68B0BBD8EBAD}.Debug|Any CPU.Build.0 = Debug|Any CPU
		{9997213F-83B0-4E30-93B3-68B0BBD8EBAD}.Release|Any CPU.ActiveCfg = Release|Any CPU
		{9997213F-83B0-4E30-93B3-68B0BBD8EBAD}.Release|Any CPU.Build.0 = Release|Any CPU
	EndGlobalSection
	GlobalSection(SolutionProperties) = preSolution
		HideSolutionNode = FALSE
	EndGlobalSection
	GlobalSection(ExtensibilityGlobals) = postSolution
		SolutionGuid = {42B5B94A-B272-400C-AE31-5518075138A2}
	EndGlobalSection
EndGlobal
